
Microsoft Visual Studio Solution File, Format Version 12.00
# Visual Studio 15
VisualStudioVersion = 15.0.27004.2002
MinimumVisualStudioVersion = 10.0.40219.1
Project("{FAE04EC0-301F-11D3-BF4B-00C04F79EFBC}") = "Snake", "Snake\Snake.csproj", "{FCF9E542-1E61-4710-806B-B534B9ECDC99}"
EndProject
Global
	GlobalSection(SolutionConfigurationPlatforms) = preSolution
		Debug|Any CPU = Debug|Any CPU
		Release|Any CPU = Release|Any CPU
	EndGlobalSection
	GlobalSection(ProjectConfigurationPlatforms) = postSolution
		{FCF9E542-1E61-4710-806B-B534B9ECDC99}.Debug|Any CPU.ActiveCfg = Debug|Any CPU
		{FCF9E542-1E61-4710-806B-B534B9ECDC99}.Debug|Any CPU.Build.0 = Debug|Any CPU
		{FCF9E542-1E61-4710-806B-B534B9ECDC99}.Release|Any CPU.ActiveCfg = Release|Any CPU
		{FCF9E542-1E61-4710-806B-B534B9ECDC99}.Release|Any CPU.Build.0 = Release|Any CPU
	EndGlobalSection
	GlobalSection(SolutionProperties) = preSolution
		HideSolutionNode = FALSE
	EndGlobalSection
	GlobalSection(ExtensibilityGlobals) = postSolution
		SolutionGuid = {ECB0B2E7-76B1-44DE-8493-562EA599A671}
	EndGlobalSection
EndGlobal
